
Microsoft Visual Studio Solution File, Format Version 12.00
# Visual Studio Version 17
VisualStudioVersion = 17.9.34607.119
MinimumVisualStudioVersion = 10.0.40219.1
Project("{FAE04EC0-301F-11D3-BF4B-00C04F79EFBC}") = "LR08_C224_PetrovArtem", "LR08_C224_PetrovArtem.csproj", "{46C02B73-2241-494E-9A36-751A37266608}"
EndProject
Global
	GlobalSection(SolutionConfigurationPlatforms) = preSolution
		Debug|Any CPU = Debug|Any CPU
		Release|Any CPU = Release|Any CPU
	EndGlobalSection
	GlobalSection(ProjectConfigurationPlatforms) = postSolution
		{46C02B73-2241-494E-9A36-751A37266608}.Debug|Any CPU.ActiveCfg = Debug|Any CPU
		{46C02B73-2241-494E-9A36-751A37266608}.Debug|Any CPU.Build.0 = Debug|Any CPU
		{46C02B73-2241-494E-9A36-751A37266608}.Release|Any CPU.ActiveCfg = Release|Any CPU
		{46C02B73-2241-494E-9A36-751A37266608}.Release|Any CPU.Build.0 = Release|Any CPU
	EndGlobalSection
	GlobalSection(SolutionProperties) = preSolution
		HideSolutionNode = FALSE
	EndGlobalSection
	GlobalSection(ExtensibilityGlobals) = postSolution
		SolutionGuid = {5E9BAE86-B59D-4BBC-9972-18B60D3733A8}
	EndGlobalSection
EndGlobal
