
Microsoft Visual Studio Solution File, Format Version 12.00
# Visual Studio Version 17
VisualStudioVersion = 17.9.34607.119
MinimumVisualStudioVersion = 10.0.40219.1
Project("{FAE04EC0-301F-11D3-BF4B-00C04F79EFBC}") = "Transport", "Transport\Transport.csproj", "{DBD74EBA-D63D-4ACB-81AF-C41BE2628D0C}"
EndProject
Global
	GlobalSection(SolutionConfigurationPlatforms) = preSolution
		Debug|Any CPU = Debug|Any CPU
		Release|Any CPU = Release|Any CPU
	EndGlobalSection
	GlobalSection(ProjectConfigurationPlatforms) = postSolution
		{DBD74EBA-D63D-4ACB-81AF-C41BE2628D0C}.Debug|Any CPU.ActiveCfg = Debug|Any CPU
		{DBD74EBA-D63D-4ACB-81AF-C41BE2628D0C}.Debug|Any CPU.Build.0 = Debug|Any CPU
		{DBD74EBA-D63D-4ACB-81AF-C41BE2628D0C}.Release|Any CPU.ActiveCfg = Release|Any CPU
		{DBD74EBA-D63D-4ACB-81AF-C41BE2628D0C}.Release|Any CPU.Build.0 = Release|Any CPU
	EndGlobalSection
	GlobalSection(SolutionProperties) = preSolution
		HideSolutionNode = FALSE
	EndGlobalSection
	GlobalSection(ExtensibilityGlobals) = postSolution
		SolutionGuid = {3C5EFE06-7807-4BB9-B8B1-CB5684F76A81}
	EndGlobalSection
EndGlobal
